
Microsoft Visual Studio Solution File, Format Version 12.00
# Visual Studio Version 17
VisualStudioVersion = 17.2.32526.322
MinimumVisualStudioVersion = 10.0.40219.1
Project("{FAE04EC0-301F-11D3-BF4B-00C04F79EFBC}") = "SolarEdgeModbusMqtt.Host", "SolarEdgeModbusMqtt.Host\SolarEdgeModbusMqtt.Host.csproj", "{AA6CE451-2120-4BCF-9290-6C67D502F03C}"
EndProject
Global
	GlobalSection(SolutionConfigurationPlatforms) = preSolution
		Debug|Any CPU = Debug|Any CPU
		Release|Any CPU = Release|Any CPU
	EndGlobalSection
	GlobalSection(ProjectConfigurationPlatforms) = postSolution
		{AA6CE451-2120-4BCF-9290-6C67D502F03C}.Debug|Any CPU.ActiveCfg = Debug|Any CPU
		{AA6CE451-2120-4BCF-9290-6C67D502F03C}.Debug|Any CPU.Build.0 = Debug|Any CPU
		{AA6CE451-2120-4BCF-9290-6C67D502F03C}.Release|Any CPU.ActiveCfg = Release|Any CPU
		{AA6CE451-2120-4BCF-9290-6C67D502F03C}.Release|Any CPU.Build.0 = Release|Any CPU
	EndGlobalSection
	GlobalSection(SolutionProperties) = preSolution
		HideSolutionNode = FALSE
	EndGlobalSection
	GlobalSection(ExtensibilityGlobals) = postSolution
		SolutionGuid = {3C8F4C65-CA1A-4BB5-9399-B882C892E392}
	EndGlobalSection
EndGlobal
